{
  "name": "hcaptcha",
  "version": "1.0.0",
  "lockfileVersion": 3,
  "requires": true,
  "packages": {
    "": {
      "name": "hcaptcha",
      "version": "1.0.0",
      "license": "ISC",
      "dependencies": {
        "astring": "^1.8.6",
        "meriyah": "^4.3.7"
      }
    },
    "node_modules/astring": {
      "version": "1.8.6",
      "resolved": "https://registry.npmjs.org/astring/-/astring-1.8.6.tgz",
      "integrity": "sha512-ISvCdHdlTDlH5IpxQJIex7BWBywFWgjJSVdwst+/iQCoEYnyOaQ95+X1JGshuBjGp6nxKUy1jMgE3zPqN7fQdg==",
      "bin": {
        "astring": "bin/astring"
      }
    },
    "node_modules/meriyah": {
      "version": "4.3.7",
      "resolved": "https://registry.npmjs.org/meriyah/-/meriyah-4.3.7.tgz",
      "integrity": "sha512-JAlSOUqFU/rmLy2CEdZO5hN5E5dyUj1f4AlRR4GCQMjfobvd5lcm9JLkrqq0MgVaLQ/Zur590A+0RyUZhj0b5A==",
      "engines": {
        "node": ">=10.4.0"
      }
    }
  }
}
